
Microsoft Visual Studio Solution File, Format Version 12.00
# Visual Studio Version 17
VisualStudioVersion = 17.0.32014.148
MinimumVisualStudioVersion = 10.0.40219.1
Project("{FAE04EC0-301F-11D3-BF4B-00C04F79EFBC}") = "Employee Database", "Employee Database\Employee Database.csproj", "{13698F64-7D97-4DFE-B1BA-A3ADCC44F50D}"
EndProject
Global
	GlobalSection(SolutionConfigurationPlatforms) = preSolution
		Debug|Any CPU = Debug|Any CPU
		Release|Any CPU = Release|Any CPU
	EndGlobalSection
	GlobalSection(ProjectConfigurationPlatforms) = postSolution
		{13698F64-7D97-4DFE-B1BA-A3ADCC44F50D}.Debug|Any CPU.ActiveCfg = Debug|Any CPU
		{13698F64-7D97-4DFE-B1BA-A3ADCC44F50D}.Debug|Any CPU.Build.0 = Debug|Any CPU
		{13698F64-7D97-4DFE-B1BA-A3ADCC44F50D}.Release|Any CPU.ActiveCfg = Release|Any CPU
		{13698F64-7D97-4DFE-B1BA-A3ADCC44F50D}.Release|Any CPU.Build.0 = Release|Any CPU
	EndGlobalSection
	GlobalSection(SolutionProperties) = preSolution
		HideSolutionNode = FALSE
	EndGlobalSection
	GlobalSection(ExtensibilityGlobals) = postSolution
		SolutionGuid = {CC24C366-EF2D-4BAA-AB9B-858DD1A76B80}
	EndGlobalSection
EndGlobal
